
Microsoft Visual Studio Solution File, Format Version 12.00
# Visual Studio Version 17
VisualStudioVersion = 17.9.34714.143
MinimumVisualStudioVersion = 10.0.40219.1
Project("{FAE04EC0-301F-11D3-BF4B-00C04F79EFBC}") = "Midleweary_25_03_2024_ASP_NET", "Midleweary_25_03_2024_ASP_NET.csproj", "{1F9F53ED-89BD-4561-939F-FC4F2578D7F8}"
EndProject
Global
	GlobalSection(SolutionConfigurationPlatforms) = preSolution
		Debug|Any CPU = Debug|Any CPU
		Release|Any CPU = Release|Any CPU
	EndGlobalSection
	GlobalSection(ProjectConfigurationPlatforms) = postSolution
		{1F9F53ED-89BD-4561-939F-FC4F2578D7F8}.Debug|Any CPU.ActiveCfg = Debug|Any CPU
		{1F9F53ED-89BD-4561-939F-FC4F2578D7F8}.Debug|Any CPU.Build.0 = Debug|Any CPU
		{1F9F53ED-89BD-4561-939F-FC4F2578D7F8}.Release|Any CPU.ActiveCfg = Release|Any CPU
		{1F9F53ED-89BD-4561-939F-FC4F2578D7F8}.Release|Any CPU.Build.0 = Release|Any CPU
	EndGlobalSection
	GlobalSection(SolutionProperties) = preSolution
		HideSolutionNode = FALSE
	EndGlobalSection
	GlobalSection(ExtensibilityGlobals) = postSolution
		SolutionGuid = {246F19A3-B5EC-4035-A30C-76204D62732C}
	EndGlobalSection
EndGlobal
